
Microsoft Visual Studio Solution File, Format Version 12.00
# Visual Studio Version 17
VisualStudioVersion = 17.3.32825.248
MinimumVisualStudioVersion = 10.0.40219.1
Project("{FAE04EC0-301F-11D3-BF4B-00C04F79EFBC}") = "Deduplicate", "Deduplicate\Deduplicate.csproj", "{01EEEA49-F6E6-49AA-AFD5-445E149B64A9}"
EndProject
Global
	GlobalSection(SolutionConfigurationPlatforms) = preSolution
		Debug|Any CPU = Debug|Any CPU
		Release|Any CPU = Release|Any CPU
	EndGlobalSection
	GlobalSection(ProjectConfigurationPlatforms) = postSolution
		{01EEEA49-F6E6-49AA-AFD5-445E149B64A9}.Debug|Any CPU.ActiveCfg = Debug|Any CPU
		{01EEEA49-F6E6-49AA-AFD5-445E149B64A9}.Debug|Any CPU.Build.0 = Debug|Any CPU
		{01EEEA49-F6E6-49AA-AFD5-445E149B64A9}.Release|Any CPU.ActiveCfg = Release|Any CPU
		{01EEEA49-F6E6-49AA-AFD5-445E149B64A9}.Release|Any CPU.Build.0 = Release|Any CPU
	EndGlobalSection
	GlobalSection(SolutionProperties) = preSolution
		HideSolutionNode = FALSE
	EndGlobalSection
	GlobalSection(ExtensibilityGlobals) = postSolution
		SolutionGuid = {54344C49-B2B4-4992-939A-C942B357DED9}
	EndGlobalSection
EndGlobal
